{
  "name": "lisjak.github.io",
  "version": "1.0.0",
  "lockfileVersion": 1,
  "requires": true,
  "dependencies": {
    "curtainsjs": {
      "version": "3.0.5",
      "resolved": "https://registry.npmjs.org/curtainsjs/-/curtainsjs-3.0.5.tgz",
      "integrity": "sha512-pa5Davs0njEEkvOHBkpYFaM63TUzRXSOZ5T0/duwvYypxxalCtncICpmyHx5JbxbTOvqtYRsI1kl8ecT73hS2g=="
    }
  }
}
